
Microsoft Visual Studio Solution File, Format Version 12.00
# Visual Studio Version 16
VisualStudioVersion = 16.0.810.25
MinimumVisualStudioVersion = 10.0.40219.1
Project("{FAE04EC0-301F-11D3-BF4B-00C04F79EFBC}") = "TossaCoin.Android", "TossaCoin.Android\TossaCoin.Android.csproj", "{05BF5E71-0D38-42B7-AB1E-AA0DDFE54CB0}"
EndProject
Project("{FAE04EC0-301F-11D3-BF4B-00C04F79EFBC}") = "TossaCoin.iOS", "TossaCoin.iOS\TossaCoin.iOS.csproj", "{469E6D30-BCC2-4A9B-8C65-176A49FD94F9}"
EndProject
Project("{FAE04EC0-301F-11D3-BF4B-00C04F79EFBC}") = "TossaCoin", "TossaCoin\TossaCoin.csproj", "{AEB87086-A00E-4244-AC05-96955AEDCCC0}"
EndProject
Global
	GlobalSection(SolutionConfigurationPlatforms) = preSolution
		Debug|Any CPU = Debug|Any CPU
		Release|Any CPU = Release|Any CPU
		Debug|iPhoneSimulator = Debug|iPhoneSimulator
		Release|iPhoneSimulator = Release|iPhoneSimulator
		Debug|iPhone = Debug|iPhone
		Release|iPhone = Release|iPhone
	EndGlobalSection
	GlobalSection(ProjectConfigurationPlatforms) = postSolution
		{05BF5E71-0D38-42B7-AB1E-AA0DDFE54CB0}.Debug|Any CPU.ActiveCfg = Debug|Any CPU
		{05BF5E71-0D38-42B7-AB1E-AA0DDFE54CB0}.Debug|Any CPU.Build.0 = Debug|Any CPU
		{05BF5E71-0D38-42B7-AB1E-AA0DDFE54CB0}.Release|Any CPU.ActiveCfg = Release|Any CPU
		{05BF5E71-0D38-42B7-AB1E-AA0DDFE54CB0}.Release|Any CPU.Build.0 = Release|Any CPU
		{05BF5E71-0D38-42B7-AB1E-AA0DDFE54CB0}.Debug|iPhoneSimulator.ActiveCfg = Debug|Any CPU
		{05BF5E71-0D38-42B7-AB1E-AA0DDFE54CB0}.Debug|iPhoneSimulator.Build.0 = Debug|Any CPU
		{05BF5E71-0D38-42B7-AB1E-AA0DDFE54CB0}.Release|iPhoneSimulator.ActiveCfg = Release|Any CPU
		{05BF5E71-0D38-42B7-AB1E-AA0DDFE54CB0}.Release|iPhoneSimulator.Build.0 = Release|Any CPU
		{05BF5E71-0D38-42B7-AB1E-AA0DDFE54CB0}.Debug|iPhone.ActiveCfg = Debug|Any CPU
		{05BF5E71-0D38-42B7-AB1E-AA0DDFE54CB0}.Debug|iPhone.Build.0 = Debug|Any CPU
		{05BF5E71-0D38-42B7-AB1E-AA0DDFE54CB0}.Release|iPhone.ActiveCfg = Release|Any CPU
		{05BF5E71-0D38-42B7-AB1E-AA0DDFE54CB0}.Release|iPhone.Build.0 = Release|Any CPU
		{469E6D30-BCC2-4A9B-8C65-176A49FD94F9}.Debug|Any CPU.ActiveCfg = Debug|iPhoneSimulator
		{469E6D30-BCC2-4A9B-8C65-176A49FD94F9}.Debug|Any CPU.Build.0 = Debug|iPhoneSimulator
		{469E6D30-BCC2-4A9B-8C65-176A49FD94F9}.Release|Any CPU.ActiveCfg = Release|iPhoneSimulator
		{469E6D30-BCC2-4A9B-8C65-176A49FD94F9}.Release|Any CPU.Build.0 = Release|iPhoneSimulator
		{469E6D30-BCC2-4A9B-8C65-176A49FD94F9}.Debug|iPhoneSimulator.ActiveCfg = Debug|iPhoneSimulator
		{469E6D30-BCC2-4A9B-8C65-176A49FD94F9}.Debug|iPhoneSimulator.Build.0 = Debug|iPhoneSimulator
		{469E6D30-BCC2-4A9B-8C65-176A49FD94F9}.Release|iPhoneSimulator.ActiveCfg = Release|iPhoneSimulator
		{469E6D30-BCC2-4A9B-8C65-176A49FD94F9}.Release|iPhoneSimulator.Build.0 = Release|iPhoneSimulator
		{469E6D30-BCC2-4A9B-8C65-176A49FD94F9}.Debug|iPhone.ActiveCfg = Debug|iPhone
		{469E6D30-BCC2-4A9B-8C65-176A49FD94F9}.Debug|iPhone.Build.0 = Debug|iPhone
		{469E6D30-BCC2-4A9B-8C65-176A49FD94F9}.Release|iPhone.ActiveCfg = Release|iPhone
		{469E6D30-BCC2-4A9B-8C65-176A49FD94F9}.Release|iPhone.Build.0 = Release|iPhone
		{AEB87086-A00E-4244-AC05-96955AEDCCC0}.Debug|Any CPU.ActiveCfg = Debug|Any CPU
		{AEB87086-A00E-4244-AC05-96955AEDCCC0}.Debug|Any CPU.Build.0 = Debug|Any CPU
		{AEB87086-A00E-4244-AC05-96955AEDCCC0}.Release|Any CPU.ActiveCfg = Release|Any CPU
		{AEB87086-A00E-4244-AC05-96955AEDCCC0}.Release|Any CPU.Build.0 = Release|Any CPU
		{AEB87086-A00E-4244-AC05-96955AEDCCC0}.Debug|iPhoneSimulator.ActiveCfg = Debug|Any CPU
		{AEB87086-A00E-4244-AC05-96955AEDCCC0}.Debug|iPhoneSimulator.Build.0 = Debug|Any CPU
		{AEB87086-A00E-4244-AC05-96955AEDCCC0}.Release|iPhoneSimulator.ActiveCfg = Release|Any CPU
		{AEB87086-A00E-4244-AC05-96955AEDCCC0}.Release|iPhoneSimulator.Build.0 = Release|Any CPU
		{AEB87086-A00E-4244-AC05-96955AEDCCC0}.Debug|iPhone.ActiveCfg = Debug|Any CPU
		{AEB87086-A00E-4244-AC05-96955AEDCCC0}.Debug|iPhone.Build.0 = Debug|Any CPU
		{AEB87086-A00E-4244-AC05-96955AEDCCC0}.Release|iPhone.ActiveCfg = Release|Any CPU
		{AEB87086-A00E-4244-AC05-96955AEDCCC0}.Release|iPhone.Build.0 = Release|Any CPU
	EndGlobalSection
	GlobalSection(SolutionProperties) = preSolution
		HideSolutionNode = FALSE
	EndGlobalSection
	GlobalSection(ExtensibilityGlobals) = postSolution
		SolutionGuid = {A680BE78-7CB7-4CC9-A922-16CBEF1C6590}
	EndGlobalSection
EndGlobal
